
Microsoft Visual Studio Solution File, Format Version 12.00
# Visual Studio Version 17
VisualStudioVersion = 17.5.33627.172
MinimumVisualStudioVersion = 10.0.40219.1
Project("{2150E333-8FDC-42A3-9474-1A3956D46DE8}") = "src", "src", "{D283E1A9-DA62-4ADF-9B54-DF9BB1D9F9D4}"
EndProject
Project("{2150E333-8FDC-42A3-9474-1A3956D46DE8}") = "Services", "Services", "{0C97FB9B-022E-4AA1-BC46-674930E31C40}"
EndProject
Project("{9A19103F-16F7-4668-BE54-9A1E7A4F7556}") = "Demo.ProductAPI", "Demo.ProductAPI\Demo.ProductAPI.csproj", "{5DF79955-B2E2-438A-A8C1-8F285F029D39}"
EndProject
Project("{9A19103F-16F7-4668-BE54-9A1E7A4F7556}") = "Demo.CustomerAPI", "Demo.CustomerAPI\Demo.CustomerAPI.csproj", "{48976630-F1D9-4171-A592-A43BE8FFC286}"
EndProject
Project("{2150E333-8FDC-42A3-9474-1A3956D46DE8}") = "Frontend", "Frontend", "{04F97BAF-3C78-4349-A411-3B72E8A9B40F}"
EndProject
Project("{FAE04EC0-301F-11D3-BF4B-00C04F79EFBC}") = "Demo.MVC", "src\Frontend\Demo.MVC\Demo.MVC.csproj", "{98B6FEA3-8836-4C74-BF5D-99D4DD713452}"
EndProject
Project("{2150E333-8FDC-42A3-9474-1A3956D46DE8}") = "Solution Items", "Solution Items", "{9D7796C2-697D-4688-AC11-E2FBB5AB6EC2}"
	ProjectSection(SolutionItems) = preProject
		Ports.txt = Ports.txt
	EndProjectSection
EndProject
Project("{2150E333-8FDC-42A3-9474-1A3956D46DE8}") = "Gateways", "Gateways", "{7651C85A-2783-4DF9-A502-BB09DFB12F08}"
EndProject
Project("{FAE04EC0-301F-11D3-BF4B-00C04F79EFBC}") = "OcelotGateway", "src\Gateways\OcelotGateway\OcelotGateway.csproj", "{CEE06C7C-5121-445E-BF08-7E65C95AB834}"
EndProject
Global
	GlobalSection(SolutionConfigurationPlatforms) = preSolution
		Debug|Any CPU = Debug|Any CPU
		Release|Any CPU = Release|Any CPU
	EndGlobalSection
	GlobalSection(ProjectConfigurationPlatforms) = postSolution
		{5DF79955-B2E2-438A-A8C1-8F285F029D39}.Debug|Any CPU.ActiveCfg = Debug|Any CPU
		{5DF79955-B2E2-438A-A8C1-8F285F029D39}.Debug|Any CPU.Build.0 = Debug|Any CPU
		{5DF79955-B2E2-438A-A8C1-8F285F029D39}.Release|Any CPU.ActiveCfg = Release|Any CPU
		{5DF79955-B2E2-438A-A8C1-8F285F029D39}.Release|Any CPU.Build.0 = Release|Any CPU
		{48976630-F1D9-4171-A592-A43BE8FFC286}.Debug|Any CPU.ActiveCfg = Debug|Any CPU
		{48976630-F1D9-4171-A592-A43BE8FFC286}.Debug|Any CPU.Build.0 = Debug|Any CPU
		{48976630-F1D9-4171-A592-A43BE8FFC286}.Release|Any CPU.ActiveCfg = Release|Any CPU
		{48976630-F1D9-4171-A592-A43BE8FFC286}.Release|Any CPU.Build.0 = Release|Any CPU
		{98B6FEA3-8836-4C74-BF5D-99D4DD713452}.Debug|Any CPU.ActiveCfg = Debug|Any CPU
		{98B6FEA3-8836-4C74-BF5D-99D4DD713452}.Debug|Any CPU.Build.0 = Debug|Any CPU
		{98B6FEA3-8836-4C74-BF5D-99D4DD713452}.Release|Any CPU.ActiveCfg = Release|Any CPU
		{98B6FEA3-8836-4C74-BF5D-99D4DD713452}.Release|Any CPU.Build.0 = Release|Any CPU
		{CEE06C7C-5121-445E-BF08-7E65C95AB834}.Debug|Any CPU.ActiveCfg = Debug|Any CPU
		{CEE06C7C-5121-445E-BF08-7E65C95AB834}.Debug|Any CPU.Build.0 = Debug|Any CPU
		{CEE06C7C-5121-445E-BF08-7E65C95AB834}.Release|Any CPU.ActiveCfg = Release|Any CPU
		{CEE06C7C-5121-445E-BF08-7E65C95AB834}.Release|Any CPU.Build.0 = Release|Any CPU
	EndGlobalSection
	GlobalSection(SolutionProperties) = preSolution
		HideSolutionNode = FALSE
	EndGlobalSection
	GlobalSection(NestedProjects) = preSolution
		{0C97FB9B-022E-4AA1-BC46-674930E31C40} = {D283E1A9-DA62-4ADF-9B54-DF9BB1D9F9D4}
		{5DF79955-B2E2-438A-A8C1-8F285F029D39} = {0C97FB9B-022E-4AA1-BC46-674930E31C40}
		{48976630-F1D9-4171-A592-A43BE8FFC286} = {0C97FB9B-022E-4AA1-BC46-674930E31C40}
		{04F97BAF-3C78-4349-A411-3B72E8A9B40F} = {D283E1A9-DA62-4ADF-9B54-DF9BB1D9F9D4}
		{98B6FEA3-8836-4C74-BF5D-99D4DD713452} = {04F97BAF-3C78-4349-A411-3B72E8A9B40F}
		{7651C85A-2783-4DF9-A502-BB09DFB12F08} = {D283E1A9-DA62-4ADF-9B54-DF9BB1D9F9D4}
		{CEE06C7C-5121-445E-BF08-7E65C95AB834} = {7651C85A-2783-4DF9-A502-BB09DFB12F08}
	EndGlobalSection
	GlobalSection(ExtensibilityGlobals) = postSolution
		SolutionGuid = {FD1B4372-169C-4569-ABC7-CF485FB47BCF}
	EndGlobalSection
EndGlobal
